
Microsoft Visual Studio Solution File, Format Version 12.00
# Visual Studio Version 17
VisualStudioVersion = 17.8.34511.84
MinimumVisualStudioVersion = 10.0.40219.1
Project("{FAE04EC0-301F-11D3-BF4B-00C04F79EFBC}") = "Password", "Password\Password.csproj", "{52C2D3FD-B8EE-4954-BF2D-D8B918A457B7}"
EndProject
Project("{FAE04EC0-301F-11D3-BF4B-00C04F79EFBC}") = "Password.Tests", "Password.Tests\Password.Tests.csproj", "{ABF636E2-3747-4E69-898B-2669DE56CC62}"
EndProject
Global
	GlobalSection(SolutionConfigurationPlatforms) = preSolution
		Debug|Any CPU = Debug|Any CPU
		Release|Any CPU = Release|Any CPU
	EndGlobalSection
	GlobalSection(ProjectConfigurationPlatforms) = postSolution
		{52C2D3FD-B8EE-4954-BF2D-D8B918A457B7}.Debug|Any CPU.ActiveCfg = Debug|Any CPU
		{52C2D3FD-B8EE-4954-BF2D-D8B918A457B7}.Debug|Any CPU.Build.0 = Debug|Any CPU
		{52C2D3FD-B8EE-4954-BF2D-D8B918A457B7}.Release|Any CPU.ActiveCfg = Release|Any CPU
		{52C2D3FD-B8EE-4954-BF2D-D8B918A457B7}.Release|Any CPU.Build.0 = Release|Any CPU
		{ABF636E2-3747-4E69-898B-2669DE56CC62}.Debug|Any CPU.ActiveCfg = Debug|Any CPU
		{ABF636E2-3747-4E69-898B-2669DE56CC62}.Debug|Any CPU.Build.0 = Debug|Any CPU
		{ABF636E2-3747-4E69-898B-2669DE56CC62}.Release|Any CPU.ActiveCfg = Release|Any CPU
		{ABF636E2-3747-4E69-898B-2669DE56CC62}.Release|Any CPU.Build.0 = Release|Any CPU
	EndGlobalSection
	GlobalSection(SolutionProperties) = preSolution
		HideSolutionNode = FALSE
	EndGlobalSection
	GlobalSection(ExtensibilityGlobals) = postSolution
		SolutionGuid = {3B2F3A1E-4484-4BCA-A175-1ACCECEACE75}
	EndGlobalSection
EndGlobal
